
Microsoft Visual Studio Solution File, Format Version 12.00
# Visual Studio Version 16
VisualStudioVersion = 16.0.29911.84
MinimumVisualStudioVersion = 10.0.40219.1
Project("{9A19103F-16F7-4668-BE54-9A1E7A4F7556}") = "Teltonika.App", "Teltonika.App.csproj", "{D1A4B196-FA92-4822-8C25-07D53A2903EF}"
EndProject
Project("{9A19103F-16F7-4668-BE54-9A1E7A4F7556}") = "Teltonica.Server", "..\Teltonica.Server\Teltonica.Server.csproj", "{0DC1110A-507C-4ABB-807F-EF805C654395}"
EndProject
Project("{9A19103F-16F7-4668-BE54-9A1E7A4F7556}") = "Teltonika.Core", "..\Teltonika.Core\Teltonika.Core.csproj", "{8812D3CF-3EEF-4AB3-B41F-BFEEB306D4E3}"
EndProject
Project("{9A19103F-16F7-4668-BE54-9A1E7A4F7556}") = "Teeltonika.Application", "..\Teeltonika.Application\Teeltonika.Application.csproj", "{6EBC26D5-1CEA-4760-8D30-56B500898C50}"
EndProject
Project("{9A19103F-16F7-4668-BE54-9A1E7A4F7556}") = "Teeltoonika.Protocol", "..\Teeltoonika.Protocol\Teeltoonika.Protocol.csproj", "{10411645-8F80-4847-943F-4EF1CAE510DD}"
EndProject
Global
	GlobalSection(SolutionConfigurationPlatforms) = preSolution
		Debug|Any CPU = Debug|Any CPU
		Release|Any CPU = Release|Any CPU
	EndGlobalSection
	GlobalSection(ProjectConfigurationPlatforms) = postSolution
		{D1A4B196-FA92-4822-8C25-07D53A2903EF}.Debug|Any CPU.ActiveCfg = Debug|Any CPU
		{D1A4B196-FA92-4822-8C25-07D53A2903EF}.Debug|Any CPU.Build.0 = Debug|Any CPU
		{D1A4B196-FA92-4822-8C25-07D53A2903EF}.Release|Any CPU.ActiveCfg = Release|Any CPU
		{D1A4B196-FA92-4822-8C25-07D53A2903EF}.Release|Any CPU.Build.0 = Release|Any CPU
		{0DC1110A-507C-4ABB-807F-EF805C654395}.Debug|Any CPU.ActiveCfg = Debug|Any CPU
		{0DC1110A-507C-4ABB-807F-EF805C654395}.Debug|Any CPU.Build.0 = Debug|Any CPU
		{0DC1110A-507C-4ABB-807F-EF805C654395}.Release|Any CPU.ActiveCfg = Release|Any CPU
		{0DC1110A-507C-4ABB-807F-EF805C654395}.Release|Any CPU.Build.0 = Release|Any CPU
		{8812D3CF-3EEF-4AB3-B41F-BFEEB306D4E3}.Debug|Any CPU.ActiveCfg = Debug|Any CPU
		{8812D3CF-3EEF-4AB3-B41F-BFEEB306D4E3}.Debug|Any CPU.Build.0 = Debug|Any CPU
		{8812D3CF-3EEF-4AB3-B41F-BFEEB306D4E3}.Release|Any CPU.ActiveCfg = Release|Any CPU
		{8812D3CF-3EEF-4AB3-B41F-BFEEB306D4E3}.Release|Any CPU.Build.0 = Release|Any CPU
		{6EBC26D5-1CEA-4760-8D30-56B500898C50}.Debug|Any CPU.ActiveCfg = Debug|Any CPU
		{6EBC26D5-1CEA-4760-8D30-56B500898C50}.Debug|Any CPU.Build.0 = Debug|Any CPU
		{6EBC26D5-1CEA-4760-8D30-56B500898C50}.Release|Any CPU.ActiveCfg = Release|Any CPU
		{6EBC26D5-1CEA-4760-8D30-56B500898C50}.Release|Any CPU.Build.0 = Release|Any CPU
		{10411645-8F80-4847-943F-4EF1CAE510DD}.Debug|Any CPU.ActiveCfg = Debug|Any CPU
		{10411645-8F80-4847-943F-4EF1CAE510DD}.Debug|Any CPU.Build.0 = Debug|Any CPU
		{10411645-8F80-4847-943F-4EF1CAE510DD}.Release|Any CPU.ActiveCfg = Release|Any CPU
		{10411645-8F80-4847-943F-4EF1CAE510DD}.Release|Any CPU.Build.0 = Release|Any CPU
	EndGlobalSection
	GlobalSection(SolutionProperties) = preSolution
		HideSolutionNode = FALSE
	EndGlobalSection
	GlobalSection(ExtensibilityGlobals) = postSolution
		SolutionGuid = {FEBD4BD6-299C-48F2-8D24-13F9B53219E2}
	EndGlobalSection
EndGlobal
